{
  "name": "readwords",
  "version": "0.1.2",
  "lockfileVersion": 1,
  "requires": true,
  "dependencies": {
    "censorify": {
      "version": "file:../censorify/censorify-0.1.3.tgz",
      "integrity": "sha512-YdXYYs5xAEIXYMfxJlfQtu8u3RGBsoxnaMHVrh3slW1Tz2AgwpSrm9k6/hIlBtQSMCfImDe3i4sZGf8s+BXEhA=="
    }
  }
}
